// !$*UTF8*$!
{
	archiveVersion = 1;
	classes = {
	};
	objectVersion = 56;
	objects = {

/* Begin PBXBuildFile section */
		2353ABF72C9013B3003B5678 /* PaginationApp.swift in Sources */ = {isa = PBXBuildFile; fileRef = 2353ABF62C9013B3003B5678 /* PaginationApp.swift */; };
		2353ABFB2C9013B4003B5678 /* Assets.xcassets in Resources */ = {isa = PBXBuildFile; fileRef = 2353ABFA2C9013B4003B5678 /* Assets.xcassets */; };
		2353ABFE2C9013B4003B5678 /* Preview Assets.xcassets in Resources */ = {isa = PBXBuildFile; fileRef = 2353ABFD2C9013B4003B5678 /* Preview Assets.xcassets */; };
		2353AC082C90145F003B5678 /* CoinsListView.swift in Sources */ = {isa = PBXBuildFile; fileRef = 2353AC072C90145F003B5678 /* CoinsListView.swift */; };
		2353AC0A2C901475003B5678 /* CoinsListViewModel.swift in Sources */ = {isa = PBXBuildFile; fileRef = 2353AC092C901475003B5678 /* CoinsListViewModel.swift */; };
		2353AC0D2C90149C003B5678 /* CoinViewModel.swift in Sources */ = {isa = PBXBuildFile; fileRef = 2353AC0C2C90149C003B5678 /* CoinViewModel.swift */; };
		2353AC0F2C9014A7003B5678 /* CoinView.swift in Sources */ = {isa = PBXBuildFile; fileRef = 2353AC0E2C9014A7003B5678 /* CoinView.swift */; };
		2353AC112C9014CD003B5678 /* Coin.swift in Sources */ = {isa = PBXBuildFile; fileRef = 2353AC102C9014CD003B5678 /* Coin.swift */; };
		2353AC142C901747003B5678 /* APIManager.swift in Sources */ = {isa = PBXBuildFile; fileRef = 2353AC132C901747003B5678 /* APIManager.swift */; };
		2353AC172C90212E003B5678 /* MyImage.swift in Sources */ = {isa = PBXBuildFile; fileRef = 2353AC162C90212E003B5678 /* MyImage.swift */; };
		2353AC1A2C9026A9003B5678 /* Double+Extension.swift in Sources */ = {isa = PBXBuildFile; fileRef = 2353AC192C9026A9003B5678 /* Double+Extension.swift */; };
		2353AC1D2C9036DB003B5678 /* LoadingView.swift in Sources */ = {isa = PBXBuildFile; fileRef = 2353AC1B2C9036DB003B5678 /* LoadingView.swift */; };
		2353AC1E2C9036DB003B5678 /* ActivityIndicator.swift in Sources */ = {isa = PBXBuildFile; fileRef = 2353AC1C2C9036DB003B5678 /* ActivityIndicator.swift */; };
/* End PBXBuildFile section */

/* Begin PBXFileReference section */
		2353ABF32C9013B3003B5678 /* Pagination.app */ = {isa = PBXFileReference; explicitFileType = wrapper.application; includeInIndex = 0; path = Pagination.app; sourceTree = BUILT_PRODUCTS_DIR; };
		2353ABF62C9013B3003B5678 /* PaginationApp.swift */ = {isa = PBXFileReference; lastKnownFileType = sourcecode.swift; path = PaginationApp.swift; sourceTree = "<group>"; };
		2353ABFA2C9013B4003B5678 /* Assets.xcassets */ = {isa = PBXFileReference; lastKnownFileType = folder.assetcatalog; path = Assets.xcassets; sourceTree = "<group>"; };
		2353ABFD2C9013B4003B5678 /* Preview Assets.xcassets */ = {isa = PBXFileReference; lastKnownFileType = folder.assetcatalog; path = "Preview Assets.xcassets"; sourceTree = "<group>"; };
		2353AC072C90145F003B5678 /* CoinsListView.swift */ = {isa = PBXFileReference; lastKnownFileType = sourcecode.swift; path = CoinsListView.swift; sourceTree = "<group>"; };
		2353AC092C901475003B5678 /* CoinsListViewModel.swift */ = {isa = PBXFileReference; lastKnownFileType = sourcecode.swift; path = CoinsListViewModel.swift; sourceTree = "<group>"; };
		2353AC0C2C90149C003B5678 /* CoinViewModel.swift */ = {isa = PBXFileReference; lastKnownFileType = sourcecode.swift; path = CoinViewModel.swift; sourceTree = "<group>"; };
		2353AC0E2C9014A7003B5678 /* CoinView.swift */ = {isa = PBXFileReference; lastKnownFileType = sourcecode.swift; path = CoinView.swift; sourceTree = "<group>"; };
		2353AC102C9014CD003B5678 /* Coin.swift */ = {isa = PBXFileReference; lastKnownFileType = sourcecode.swift; path = Coin.swift; sourceTree = "<group>"; };
		2353AC132C901747003B5678 /* APIManager.swift */ = {isa = PBXFileReference; lastKnownFileType = sourcecode.swift; path = APIManager.swift; sourceTree = "<group>"; };
		2353AC162C90212E003B5678 /* MyImage.swift */ = {isa = PBXFileReference; lastKnownFileType = sourcecode.swift; path = MyImage.swift; sourceTree = "<group>"; };
		2353AC192C9026A9003B5678 /* Double+Extension.swift */ = {isa = PBXFileReference; lastKnownFileType = sourcecode.swift; path = "Double+Extension.swift"; sourceTree = "<group>"; };
		2353AC1B2C9036DB003B5678 /* LoadingView.swift */ = {isa = PBXFileReference; fileEncoding = 4; lastKnownFileType = sourcecode.swift; path = LoadingView.swift; sourceTree = "<group>"; };
		2353AC1C2C9036DB003B5678 /* ActivityIndicator.swift */ = {isa = PBXFileReference; fileEncoding = 4; lastKnownFileType = sourcecode.swift; path = ActivityIndicator.swift; sourceTree = "<group>"; };
/* End PBXFileReference section */

/* Begin PBXFrameworksBuildPhase section */
		2353ABF02C9013B3003B5678 /* Frameworks */ = {
			isa = PBXFrameworksBuildPhase;
			buildActionMask = 2147483647;
			files = (
			);
			runOnlyForDeploymentPostprocessing = 0;
		};
/* End PBXFrameworksBuildPhase section */

/* Begin PBXGroup section */
		2353ABEA2C9013B3003B5678 = {
			isa = PBXGroup;
			children = (
				2353ABF52C9013B3003B5678 /* Pagination */,
				2353ABF42C9013B3003B5678 /* Products */,
			);
			sourceTree = "<group>";
		};
		2353ABF42C9013B3003B5678 /* Products */ = {
			isa = PBXGroup;
			children = (
				2353ABF32C9013B3003B5678 /* Pagination.app */,
			);
			name = Products;
			sourceTree = "<group>";
		};
		2353ABF52C9013B3003B5678 /* Pagination */ = {
			isa = PBXGroup;
			children = (
				2353AC182C90268C003B5678 /* Extensions */,
				2353AC152C902111003B5678 /* Components */,
				2353AC122C901735003B5678 /* Network */,
				2353AC062C90142C003B5678 /* CoinsList */,
				2353AC052C901407003B5678 /* Model */,
				2353AC042C9013E8003B5678 /* App */,
				2353ABFA2C9013B4003B5678 /* Assets.xcassets */,
				2353ABFC2C9013B4003B5678 /* Preview Content */,
			);
			path = Pagination;
			sourceTree = "<group>";
		};
		2353ABFC2C9013B4003B5678 /* Preview Content */ = {
			isa = PBXGroup;
			children = (
				2353ABFD2C9013B4003B5678 /* Preview Assets.xcassets */,
			);
			path = "Preview Content";
			sourceTree = "<group>";
		};
		2353AC042C9013E8003B5678 /* App */ = {
			isa = PBXGroup;
			children = (
				2353ABF62C9013B3003B5678 /* PaginationApp.swift */,
			);
			path = App;
			sourceTree = "<group>";
		};
		2353AC052C901407003B5678 /* Model */ = {
			isa = PBXGroup;
			children = (
				2353AC102C9014CD003B5678 /* Coin.swift */,
			);
			path = Model;
			sourceTree = "<group>";
		};
		2353AC062C90142C003B5678 /* CoinsList */ = {
			isa = PBXGroup;
			children = (
				2353AC0B2C901486003B5678 /* Cells */,
				2353AC072C90145F003B5678 /* CoinsListView.swift */,
				2353AC092C901475003B5678 /* CoinsListViewModel.swift */,
			);
			path = CoinsList;
			sourceTree = "<group>";
		};
		2353AC0B2C901486003B5678 /* Cells */ = {
			isa = PBXGroup;
			children = (
				2353AC0C2C90149C003B5678 /* CoinViewModel.swift */,
				2353AC0E2C9014A7003B5678 /* CoinView.swift */,
			);
			path = Cells;
			sourceTree = "<group>";
		};
		2353AC122C901735003B5678 /* Network */ = {
			isa = PBXGroup;
			children = (
				2353AC132C901747003B5678 /* APIManager.swift */,
			);
			path = Network;
			sourceTree = "<group>";
		};
		2353AC152C902111003B5678 /* Components */ = {
			isa = PBXGroup;
			children = (
				2353AC1C2C9036DB003B5678 /* ActivityIndicator.swift */,
				2353AC1B2C9036DB003B5678 /* LoadingView.swift */,
				2353AC162C90212E003B5678 /* MyImage.swift */,
			);
			path = Components;
			sourceTree = "<group>";
		};
		2353AC182C90268C003B5678 /* Extensions */ = {
			isa = PBXGroup;
			children = (
				2353AC192C9026A9003B5678 /* Double+Extension.swift */,
			);
			path = Extensions;
			sourceTree = "<group>";
		};
/* End PBXGroup section */

/* Begin PBXNativeTarget section */
		2353ABF22C9013B3003B5678 /* Pagination */ = {
			isa = PBXNativeTarget;
			buildConfigurationList = 2353AC012C9013B4003B5678 /* Build configuration list for PBXNativeTarget "Pagination" */;
			buildPhases = (
				2353ABEF2C9013B3003B5678 /* Sources */,
				2353ABF02C9013B3003B5678 /* Frameworks */,
				2353ABF12C9013B3003B5678 /* Resources */,
			);
			buildRules = (
			);
			dependencies = (
			);
			name = Pagination;
			productName = Pagination;
			productReference = 2353ABF32C9013B3003B5678 /* Pagination.app */;
			productType = "com.apple.product-type.application";
		};
/* End PBXNativeTarget section */

/* Begin PBXProject section */
		2353ABEB2C9013B3003B5678 /* Project object */ = {
			isa = PBXProject;
			attributes = {
				BuildIndependentTargetsInParallel = 1;
				LastSwiftUpdateCheck = 1540;
				LastUpgradeCheck = 1540;
				TargetAttributes = {
					2353ABF22C9013B3003B5678 = {
						CreatedOnToolsVersion = 15.4;
					};
				};
			};
			buildConfigurationList = 2353ABEE2C9013B3003B5678 /* Build configuration list for PBXProject "Pagination" */;
			compatibilityVersion = "Xcode 14.0";
			developmentRegion = en;
			hasScannedForEncodings = 0;
			knownRegions = (
				en,
				Base,
			);
			mainGroup = 2353ABEA2C9013B3003B5678;
			productRefGroup = 2353ABF42C9013B3003B5678 /* Products */;
			projectDirPath = "";
			projectRoot = "";
			targets = (
				2353ABF22C9013B3003B5678 /* Pagination */,
			);
		};
/* End PBXProject section */

/* Begin PBXResourcesBuildPhase section */
		2353ABF12C9013B3003B5678 /* Resources */ = {
			isa = PBXResourcesBuildPhase;
			buildActionMask = 2147483647;
			files = (
				2353ABFE2C9013B4003B5678 /* Preview Assets.xcassets in Resources */,
				2353ABFB2C9013B4003B5678 /* Assets.xcassets in Resources */,
			);
			runOnlyForDeploymentPostprocessing = 0;
		};
/* End PBXResourcesBuildPhase section */

/* Begin PBXSourcesBuildPhase section */
		2353ABEF2C9013B3003B5678 /* Sources */ = {
			isa = PBXSourcesBuildPhase;
			buildActionMask = 2147483647;
			files = (
				2353AC142C901747003B5678 /* APIManager.swift in Sources */,
				2353AC0D2C90149C003B5678 /* CoinViewModel.swift in Sources */,
				2353AC082C90145F003B5678 /* CoinsListView.swift in Sources */,
				2353AC1D2C9036DB003B5678 /* LoadingView.swift in Sources */,
				2353AC172C90212E003B5678 /* MyImage.swift in Sources */,
				2353AC1E2C9036DB003B5678 /* ActivityIndicator.swift in Sources */,
				2353AC0F2C9014A7003B5678 /* CoinView.swift in Sources */,
				2353ABF72C9013B3003B5678 /* PaginationApp.swift in Sources */,
				2353AC0A2C901475003B5678 /* CoinsListViewModel.swift in Sources */,
				2353AC1A2C9026A9003B5678 /* Double+Extension.swift in Sources */,
				2353AC112C9014CD003B5678 /* Coin.swift in Sources */,
			);
			runOnlyForDeploymentPostprocessing = 0;
		};
/* End PBXSourcesBuildPhase section */

/* Begin XCBuildConfiguration section */
		2353ABFF2C9013B4003B5678 /* Debug */ = {
			isa = XCBuildConfiguration;
			buildSettings = {
				ALWAYS_SEARCH_USER_PATHS = NO;
				ASSETCATALOG_COMPILER_GENERATE_SWIFT_ASSET_SYMBOL_EXTENSIONS = YES;
				CLANG_ANALYZER_NONNULL = YES;
				CLANG_ANALYZER_NUMBER_OBJECT_CONVERSION = YES_AGGRESSIVE;
				CLANG_CXX_LANGUAGE_STANDARD = "gnu++20";
				CLANG_ENABLE_MODULES = YES;
				CLANG_ENABLE_OBJC_ARC = YES;
				CLANG_ENABLE_OBJC_WEAK = YES;
				CLANG_WARN_BLOCK_CAPTURE_AUTORELEASING = YES;
				CLANG_WARN_BOOL_CONVERSION = YES;
				CLANG_WARN_COMMA = YES;
				CLANG_WARN_CONSTANT_CONVERSION = YES;
				CLANG_WARN_DEPRECATED_OBJC_IMPLEMENTATIONS = YES;
				CLANG_WARN_DIRECT_OBJC_ISA_USAGE = YES_ERROR;
				CLANG_WARN_DOCUMENTATION_COMMENTS = YES;
				CLANG_WARN_EMPTY_BODY = YES;
				CLANG_WARN_ENUM_CONVERSION = YES;
				CLANG_WARN_INFINITE_RECURSION = YES;
				CLANG_WARN_INT_CONVERSION = YES;
				CLANG_WARN_NON_LITERAL_NULL_CONVERSION = YES;
				CLANG_WARN_OBJC_IMPLICIT_RETAIN_SELF = YES;
				CLANG_WARN_OBJC_LITERAL_CONVERSION = YES;
				CLANG_WARN_OBJC_ROOT_CLASS = YES_ERROR;
				CLANG_WARN_QUOTED_INCLUDE_IN_FRAMEWORK_HEADER = YES;
				CLANG_WARN_RANGE_LOOP_ANALYSIS = YES;
				CLANG_WARN_STRICT_PROTOTYPES = YES;
				CLANG_WARN_SUSPICIOUS_MOVE = YES;
				CLANG_WARN_UNGUARDED_AVAILABILITY = YES_AGGRESSIVE;
				CLANG_WARN_UNREACHABLE_CODE = YES;
				CLANG_WARN__DUPLICATE_METHOD_MATCH = YES;
				COPY_PHASE_STRIP = NO;
				DEBUG_INFORMATION_FORMAT = dwarf;
				ENABLE_STRICT_OBJC_MSGSEND = YES;
				ENABLE_TESTABILITY = YES;
				ENABLE_USER_SCRIPT_SANDBOXING = YES;
				GCC_C_LANGUAGE_STANDARD = gnu17;
				GCC_DYNAMIC_NO_PIC = NO;
				GCC_NO_COMMON_BLOCKS = YES;
				GCC_OPTIMIZATION_LEVEL = 0;
				GCC_PREPROCESSOR_DEFINITIONS = (
					"DEBUG=1",
					"$(inherited)",
				);
				GCC_WARN_64_TO_32_BIT_CONVERSION = YES;
				GCC_WARN_ABOUT_RETURN_TYPE = YES_ERROR;
				GCC_WARN_UNDECLARED_SELECTOR = YES;
				GCC_WARN_UNINITIALIZED_AUTOS = YES_AGGRESSIVE;
				GCC_WARN_UNUSED_FUNCTION = YES;
				GCC_WARN_UNUSED_VARIABLE = YES;
				IPHONEOS_DEPLOYMENT_TARGET = 17.5;
				LOCALIZATION_PREFERS_STRING_CATALOGS = YES;
				MTL_ENABLE_DEBUG_INFO = INCLUDE_SOURCE;
				MTL_FAST_MATH = YES;
				ONLY_ACTIVE_ARCH = YES;
				SDKROOT = iphoneos;
				SWIFT_ACTIVE_COMPILATION_CONDITIONS = "DEBUG $(inherited)";
				SWIFT_OPTIMIZATION_LEVEL = "-Onone";
			};
			name = Debug;
		};
		2353AC002C9013B4003B5678 /* Release */ = {
			isa = XCBuildConfiguration;
			buildSettings = {
				ALWAYS_SEARCH_USER_PATHS = NO;
				ASSETCATALOG_COMPILER_GENERATE_SWIFT_ASSET_SYMBOL_EXTENSIONS = YES;
				CLANG_ANALYZER_NONNULL = YES;
				CLANG_ANALYZER_NUMBER_OBJECT_CONVERSION = YES_AGGRESSIVE;
				CLANG_CXX_LANGUAGE_STANDARD = "gnu++20";
				CLANG_ENABLE_MODULES = YES;
				CLANG_ENABLE_OBJC_ARC = YES;
				CLANG_ENABLE_OBJC_WEAK = YES;
				CLANG_WARN_BLOCK_CAPTURE_AUTORELEASING = YES;
				CLANG_WARN_BOOL_CONVERSION = YES;
				CLANG_WARN_COMMA = YES;
				CLANG_WARN_CONSTANT_CONVERSION = YES;
				CLANG_WARN_DEPRECATED_OBJC_IMPLEMENTATIONS = YES;
				CLANG_WARN_DIRECT_OBJC_ISA_USAGE = YES_ERROR;
				CLANG_WARN_DOCUMENTATION_COMMENTS = YES;
				CLANG_WARN_EMPTY_BODY = YES;
				CLANG_WARN_ENUM_CONVERSION = YES;
				CLANG_WARN_INFINITE_RECURSION = YES;
				CLANG_WARN_INT_CONVERSION = YES;
				CLANG_WARN_NON_LITERAL_NULL_CONVERSION = YES;
				CLANG_WARN_OBJC_IMPLICIT_RETAIN_SELF = YES;
				CLANG_WARN_OBJC_LITERAL_CONVERSION = YES;
				CLANG_WARN_OBJC_ROOT_CLASS = YES_ERROR;
				CLANG_WARN_QUOTED_INCLUDE_IN_FRAMEWORK_HEADER = YES;
				CLANG_WARN_RANGE_LOOP_ANALYSIS = YES;
				CLANG_WARN_STRICT_PROTOTYPES = YES;
				CLANG_WARN_SUSPICIOUS_MOVE = YES;
				CLANG_WARN_UNGUARDED_AVAILABILITY = YES_AGGRESSIVE;
				CLANG_WARN_UNREACHABLE_CODE = YES;
				CLANG_WARN__DUPLICATE_METHOD_MATCH = YES;
				COPY_PHASE_STRIP = NO;
				DEBUG_INFORMATION_FORMAT = "dwarf-with-dsym";
				ENABLE_NS_ASSERTIONS = NO;
				ENABLE_STRICT_OBJC_MSGSEND = YES;
				ENABLE_USER_SCRIPT_SANDBOXING = YES;
				GCC_C_LANGUAGE_STANDARD = gnu17;
				GCC_NO_COMMON_BLOCKS = YES;
				GCC_WARN_64_TO_32_BIT_CONVERSION = YES;
				GCC_WARN_ABOUT_RETURN_TYPE = YES_ERROR;
				GCC_WARN_UNDECLARED_SELECTOR = YES;
				GCC_WARN_UNINITIALIZED_AUTOS = YES_AGGRESSIVE;
				GCC_WARN_UNUSED_FUNCTION = YES;
				GCC_WARN_UNUSED_VARIABLE = YES;
				IPHONEOS_DEPLOYMENT_TARGET = 17.5;
				LOCALIZATION_PREFERS_STRING_CATALOGS = YES;
				MTL_ENABLE_DEBUG_INFO = NO;
				MTL_FAST_MATH = YES;
				SDKROOT = iphoneos;
				SWIFT_COMPILATION_MODE = wholemodule;
				VALIDATE_PRODUCT = YES;
			};
			name = Release;
		};
		2353AC022C9013B4003B5678 /* Debug */ = {
			isa = XCBuildConfiguration;
			buildSettings = {
				ASSETCATALOG_COMPILER_APPICON_NAME = AppIcon;
				ASSETCATALOG_COMPILER_GLOBAL_ACCENT_COLOR_NAME = AccentColor;
				CODE_SIGN_STYLE = Automatic;
				CURRENT_PROJECT_VERSION = 1;
				DEVELOPMENT_ASSET_PATHS = "\"Pagination/Preview Content\"";
				DEVELOPMENT_TEAM = J4789DXW6T;
				ENABLE_PREVIEWS = YES;
				GENERATE_INFOPLIST_FILE = YES;
				INFOPLIST_KEY_UIApplicationSceneManifest_Generation = YES;
				INFOPLIST_KEY_UIApplicationSupportsIndirectInputEvents = YES;
				INFOPLIST_KEY_UILaunchScreen_Generation = YES;
				INFOPLIST_KEY_UISupportedInterfaceOrientations_iPad = "UIInterfaceOrientationPortrait UIInterfaceOrientationPortraitUpsideDown UIInterfaceOrientationLandscapeLeft UIInterfaceOrientationLandscapeRight";
				INFOPLIST_KEY_UISupportedInterfaceOrientations_iPhone = "UIInterfaceOrientationPortrait UIInterfaceOrientationLandscapeLeft UIInterfaceOrientationLandscapeRight";
				LD_RUNPATH_SEARCH_PATHS = (
					"$(inherited)",
					"@executable_path/Frameworks",
				);
				MARKETING_VERSION = 1.0;
				PRODUCT_BUNDLE_IDENTIFIER = com.test.pract.Pagination;
				PRODUCT_NAME = "$(TARGET_NAME)";
				SWIFT_EMIT_LOC_STRINGS = YES;
				SWIFT_VERSION = 5.0;
				TARGETED_DEVICE_FAMILY = "1,2";
			};
			name = Debug;
		};
		2353AC032C9013B4003B5678 /* Release */ = {
			isa = XCBuildConfiguration;
			buildSettings = {
				ASSETCATALOG_COMPILER_APPICON_NAME = AppIcon;
				ASSETCATALOG_COMPILER_GLOBAL_ACCENT_COLOR_NAME = AccentColor;
				CODE_SIGN_STYLE = Automatic;
				CURRENT_PROJECT_VERSION = 1;
				DEVELOPMENT_ASSET_PATHS = "\"Pagination/Preview Content\"";
				DEVELOPMENT_TEAM = J4789DXW6T;
				ENABLE_PREVIEWS = YES;
				GENERATE_INFOPLIST_FILE = YES;
				INFOPLIST_KEY_UIApplicationSceneManifest_Generation = YES;
				INFOPLIST_KEY_UIApplicationSupportsIndirectInputEvents = YES;
				INFOPLIST_KEY_UILaunchScreen_Generation = YES;
				INFOPLIST_KEY_UISupportedInterfaceOrientations_iPad = "UIInterfaceOrientationPortrait UIInterfaceOrientationPortraitUpsideDown UIInterfaceOrientationLandscapeLeft UIInterfaceOrientationLandscapeRight";
				INFOPLIST_KEY_UISupportedInterfaceOrientations_iPhone = "UIInterfaceOrientationPortrait UIInterfaceOrientationLandscapeLeft UIInterfaceOrientationLandscapeRight";
				LD_RUNPATH_SEARCH_PATHS = (
					"$(inherited)",
					"@executable_path/Frameworks",
				);
				MARKETING_VERSION = 1.0;
				PRODUCT_BUNDLE_IDENTIFIER = com.test.pract.Pagination;
				PRODUCT_NAME = "$(TARGET_NAME)";
				SWIFT_EMIT_LOC_STRINGS = YES;
				SWIFT_VERSION = 5.0;
				TARGETED_DEVICE_FAMILY = "1,2";
			};
			name = Release;
		};
/* End XCBuildConfiguration section */

/* Begin XCConfigurationList section */
		2353ABEE2C9013B3003B5678 /* Build configuration list for PBXProject "Pagination" */ = {
			isa = XCConfigurationList;
			buildConfigurations = (
				2353ABFF2C9013B4003B5678 /* Debug */,
				2353AC002C9013B4003B5678 /* Release */,
			);
			defaultConfigurationIsVisible = 0;
			defaultConfigurationName = Release;
		};
		2353AC012C9013B4003B5678 /* Build configuration list for PBXNativeTarget "Pagination" */ = {
			isa = XCConfigurationList;
			buildConfigurations = (
				2353AC022C9013B4003B5678 /* Debug */,
				2353AC032C9013B4003B5678 /* Release */,
			);
			defaultConfigurationIsVisible = 0;
			defaultConfigurationName = Release;
		};
/* End XCConfigurationList section */
	};
	rootObject = 2353ABEB2C9013B3003B5678 /* Project object */;
}
